
Microsoft Visual Studio Solution File, Format Version 10.00
# Visual Studio 2008
Project("{FAE04EC0-301F-11D3-BF4B-00C04F79EFBC}") = "TinyBDD", "TinyBDD\TinyBDD.csproj", "{91A8EA4A-0759-4DC0-9663-ECE0697F6A05}"
EndProject
Project("{FAE04EC0-301F-11D3-BF4B-00C04F79EFBC}") = "TinyBDDTests", "TinyBDDTests\TinyBDDTests.csproj", "{EAFE53E4-FF9B-4B97-87B2-C2B996A03F18}"
EndProject
Project("{2150E333-8FDC-42A3-9474-1A3956D46DE8}") = "Solution Items", "Solution Items", "{BD903AAE-66B0-4A7E-A916-4BE358BCF069}"
	ProjectSection(SolutionItems) = preProject
		BuildScript.msbuild = BuildScript.msbuild
		readme.txt = readme.txt
	EndProjectSection
EndProject
Project("{FAE04EC0-301F-11D3-BF4B-00C04F79EFBC}") = "TinyBDD.SL", "TinyBDD.SL\TinyBDD.SL.csproj", "{683E6256-D627-41C6-93A7-24A7C04B8E49}"
EndProject
Project("{FAE04EC0-301F-11D3-BF4B-00C04F79EFBC}") = "TinyBDD.Specification.NUnit", "TinyBDD.Specification.NUnit\TinyBDD.Specification.NUnit.csproj", "{3430EDDF-5AE1-4CDB-BCAD-52E28CF09145}"
EndProject
Project("{FAE04EC0-301F-11D3-BF4B-00C04F79EFBC}") = "TinyBDD.Specification", "TinyBDD.Specification\TinyBDD.Specification.csproj", "{F64151D4-BF34-4F8A-B911-E496AE35007E}"
EndProject
Project("{FAE04EC0-301F-11D3-BF4B-00C04F79EFBC}") = "TinyBDD.Specification.MSTest", "TinyBDD.Specification.MSTest\TinyBDD.Specification.MSTest.csproj", "{DF9C32B9-A39D-40E4-BBAE-D21769EFAE42}"
EndProject
Project("{FAE04EC0-301F-11D3-BF4B-00C04F79EFBC}") = "TinyBDD.Specification.MSTest.Silverlight", "TinyBDD.Specification.MSTest\TinyBDD.Specification.MSTest.Silverlight.csproj", "{9F07CE1D-1976-4E0D-87F4-B483FA3663B2}"
EndProject
Project("{2150E333-8FDC-42A3-9474-1A3956D46DE8}") = "Specification", "Specification", "{FF395234-3263-46AE-A976-0D1F2E5CE076}"
EndProject
Project("{FAE04EC0-301F-11D3-BF4B-00C04F79EFBC}") = "TinyBDD.Specification.Silverlight", "TinyBDD.Specification\TinyBDD.Specification.Silverlight.csproj", "{297044DC-DEF3-4083-8F29-3042F1E89EAA}"
EndProject
Project("{FAE04EC0-301F-11D3-BF4B-00C04F79EFBC}") = "TinyBDD.Runner", "TinyBDD.Runner\TinyBDD.Runner.csproj", "{1AA8F10E-7726-4117-ACE8-680489FD0EFB}"
EndProject
Project("{FAE04EC0-301F-11D3-BF4B-00C04F79EFBC}") = "TinyBDD.RunnerTests", "TinyBDD.RunnerTests\TinyBDD.RunnerTests.csproj", "{144C1F34-AA73-4234-8633-E922B2BE9ADA}"
EndProject
Project("{FAE04EC0-301F-11D3-BF4B-00C04F79EFBC}") = "TinyBDD.Specification.NUnit.2.5.0", "TinyBDD.Specification.NUnit.2.5.0\TinyBDD.Specification.NUnit.2.5.0.csproj", "{FD0A7030-AEBC-49C4-B5B6-2EE512F02C82}"
EndProject
Project("{FAE04EC0-301F-11D3-BF4B-00C04F79EFBC}") = "TinyBDD.Specification.NUnit.2.4.7", "TinyBDD.Specification.NUnit.2.4.7\TinyBDD.Specification.NUnit.2.4.7.csproj", "{7E2D2DE4-0838-4680-8090-FD24D4365AD3}"
EndProject
Global
	GlobalSection(SolutionConfigurationPlatforms) = preSolution
		Debug|Any CPU = Debug|Any CPU
		Release|Any CPU = Release|Any CPU
	EndGlobalSection
	GlobalSection(ProjectConfigurationPlatforms) = postSolution
		{91A8EA4A-0759-4DC0-9663-ECE0697F6A05}.Debug|Any CPU.ActiveCfg = Debug|Any CPU
		{91A8EA4A-0759-4DC0-9663-ECE0697F6A05}.Debug|Any CPU.Build.0 = Debug|Any CPU
		{91A8EA4A-0759-4DC0-9663-ECE0697F6A05}.Release|Any CPU.ActiveCfg = Release|Any CPU
		{91A8EA4A-0759-4DC0-9663-ECE0697F6A05}.Release|Any CPU.Build.0 = Release|Any CPU
		{EAFE53E4-FF9B-4B97-87B2-C2B996A03F18}.Debug|Any CPU.ActiveCfg = Debug|Any CPU
		{EAFE53E4-FF9B-4B97-87B2-C2B996A03F18}.Debug|Any CPU.Build.0 = Debug|Any CPU
		{EAFE53E4-FF9B-4B97-87B2-C2B996A03F18}.Release|Any CPU.ActiveCfg = Release|Any CPU
		{EAFE53E4-FF9B-4B97-87B2-C2B996A03F18}.Release|Any CPU.Build.0 = Release|Any CPU
		{683E6256-D627-41C6-93A7-24A7C04B8E49}.Debug|Any CPU.ActiveCfg = Debug|Any CPU
		{683E6256-D627-41C6-93A7-24A7C04B8E49}.Debug|Any CPU.Build.0 = Debug|Any CPU
		{683E6256-D627-41C6-93A7-24A7C04B8E49}.Release|Any CPU.ActiveCfg = Release|Any CPU
		{683E6256-D627-41C6-93A7-24A7C04B8E49}.Release|Any CPU.Build.0 = Release|Any CPU
		{3430EDDF-5AE1-4CDB-BCAD-52E28CF09145}.Debug|Any CPU.ActiveCfg = Debug|Any CPU
		{3430EDDF-5AE1-4CDB-BCAD-52E28CF09145}.Debug|Any CPU.Build.0 = Debug|Any CPU
		{3430EDDF-5AE1-4CDB-BCAD-52E28CF09145}.Release|Any CPU.ActiveCfg = Release|Any CPU
		{3430EDDF-5AE1-4CDB-BCAD-52E28CF09145}.Release|Any CPU.Build.0 = Release|Any CPU
		{F64151D4-BF34-4F8A-B911-E496AE35007E}.Debug|Any CPU.ActiveCfg = Debug|Any CPU
		{F64151D4-BF34-4F8A-B911-E496AE35007E}.Debug|Any CPU.Build.0 = Debug|Any CPU
		{F64151D4-BF34-4F8A-B911-E496AE35007E}.Release|Any CPU.ActiveCfg = Release|Any CPU
		{F64151D4-BF34-4F8A-B911-E496AE35007E}.Release|Any CPU.Build.0 = Release|Any CPU
		{DF9C32B9-A39D-40E4-BBAE-D21769EFAE42}.Debug|Any CPU.ActiveCfg = Debug|Any CPU
		{DF9C32B9-A39D-40E4-BBAE-D21769EFAE42}.Debug|Any CPU.Build.0 = Debug|Any CPU
		{DF9C32B9-A39D-40E4-BBAE-D21769EFAE42}.Release|Any CPU.ActiveCfg = Release|Any CPU
		{DF9C32B9-A39D-40E4-BBAE-D21769EFAE42}.Release|Any CPU.Build.0 = Release|Any CPU
		{9F07CE1D-1976-4E0D-87F4-B483FA3663B2}.Debug|Any CPU.ActiveCfg = Debug|Any CPU
		{9F07CE1D-1976-4E0D-87F4-B483FA3663B2}.Debug|Any CPU.Build.0 = Debug|Any CPU
		{9F07CE1D-1976-4E0D-87F4-B483FA3663B2}.Release|Any CPU.ActiveCfg = Release|Any CPU
		{9F07CE1D-1976-4E0D-87F4-B483FA3663B2}.Release|Any CPU.Build.0 = Release|Any CPU
		{297044DC-DEF3-4083-8F29-3042F1E89EAA}.Debug|Any CPU.ActiveCfg = Debug|Any CPU
		{297044DC-DEF3-4083-8F29-3042F1E89EAA}.Debug|Any CPU.Build.0 = Debug|Any CPU
		{297044DC-DEF3-4083-8F29-3042F1E89EAA}.Release|Any CPU.ActiveCfg = Release|Any CPU
		{297044DC-DEF3-4083-8F29-3042F1E89EAA}.Release|Any CPU.Build.0 = Release|Any CPU
		{1AA8F10E-7726-4117-ACE8-680489FD0EFB}.Debug|Any CPU.ActiveCfg = Debug|Any CPU
		{1AA8F10E-7726-4117-ACE8-680489FD0EFB}.Debug|Any CPU.Build.0 = Debug|Any CPU
		{1AA8F10E-7726-4117-ACE8-680489FD0EFB}.Release|Any CPU.ActiveCfg = Release|Any CPU
		{1AA8F10E-7726-4117-ACE8-680489FD0EFB}.Release|Any CPU.Build.0 = Release|Any CPU
		{144C1F34-AA73-4234-8633-E922B2BE9ADA}.Debug|Any CPU.ActiveCfg = Debug|Any CPU
		{144C1F34-AA73-4234-8633-E922B2BE9ADA}.Debug|Any CPU.Build.0 = Debug|Any CPU
		{144C1F34-AA73-4234-8633-E922B2BE9ADA}.Release|Any CPU.ActiveCfg = Release|Any CPU
		{144C1F34-AA73-4234-8633-E922B2BE9ADA}.Release|Any CPU.Build.0 = Release|Any CPU
		{FD0A7030-AEBC-49C4-B5B6-2EE512F02C82}.Debug|Any CPU.ActiveCfg = Debug|Any CPU
		{FD0A7030-AEBC-49C4-B5B6-2EE512F02C82}.Debug|Any CPU.Build.0 = Debug|Any CPU
		{FD0A7030-AEBC-49C4-B5B6-2EE512F02C82}.Release|Any CPU.ActiveCfg = Release|Any CPU
		{FD0A7030-AEBC-49C4-B5B6-2EE512F02C82}.Release|Any CPU.Build.0 = Release|Any CPU
		{7E2D2DE4-0838-4680-8090-FD24D4365AD3}.Debug|Any CPU.ActiveCfg = Debug|Any CPU
		{7E2D2DE4-0838-4680-8090-FD24D4365AD3}.Debug|Any CPU.Build.0 = Debug|Any CPU
		{7E2D2DE4-0838-4680-8090-FD24D4365AD3}.Release|Any CPU.ActiveCfg = Release|Any CPU
		{7E2D2DE4-0838-4680-8090-FD24D4365AD3}.Release|Any CPU.Build.0 = Release|Any CPU
	EndGlobalSection
	GlobalSection(SolutionProperties) = preSolution
		HideSolutionNode = FALSE
	EndGlobalSection
	GlobalSection(NestedProjects) = preSolution
		{F64151D4-BF34-4F8A-B911-E496AE35007E} = {FF395234-3263-46AE-A976-0D1F2E5CE076}
		{DF9C32B9-A39D-40E4-BBAE-D21769EFAE42} = {FF395234-3263-46AE-A976-0D1F2E5CE076}
		{9F07CE1D-1976-4E0D-87F4-B483FA3663B2} = {FF395234-3263-46AE-A976-0D1F2E5CE076}
		{3430EDDF-5AE1-4CDB-BCAD-52E28CF09145} = {FF395234-3263-46AE-A976-0D1F2E5CE076}
		{297044DC-DEF3-4083-8F29-3042F1E89EAA} = {FF395234-3263-46AE-A976-0D1F2E5CE076}
		{FD0A7030-AEBC-49C4-B5B6-2EE512F02C82} = {FF395234-3263-46AE-A976-0D1F2E5CE076}
		{7E2D2DE4-0838-4680-8090-FD24D4365AD3} = {FF395234-3263-46AE-A976-0D1F2E5CE076}
	EndGlobalSection
EndGlobal
