
Microsoft Visual Studio Solution File, Format Version 10.00
# Visual Studio 2008
Project("{FAE04EC0-301F-11D3-BF4B-00C04F79EFBC}") = "TinyBDD", "TinyBDD\TinyBDD.csproj", "{91A8EA4A-0759-4DC0-9663-ECE0697F6A05}"
EndProject
Project("{FAE04EC0-301F-11D3-BF4B-00C04F79EFBC}") = "TinyBDDTests", "TinyBDDTests\TinyBDDTests.csproj", "{EAFE53E4-FF9B-4B97-87B2-C2B996A03F18}"
EndProject
Project("{2150E333-8FDC-42A3-9474-1A3956D46DE8}") = "Solution Items", "Solution Items", "{BD903AAE-66B0-4A7E-A916-4BE358BCF069}"
	ProjectSection(SolutionItems) = preProject
		BuildScript.msbuild = BuildScript.msbuild
		readme.txt = readme.txt
	EndProjectSection
EndProject
Project("{FAE04EC0-301F-11D3-BF4B-00C04F79EFBC}") = "TinyBDD.SL", "TinyBDD.SL\TinyBDD.SL.csproj", "{683E6256-D627-41C6-93A7-24A7C04B8E49}"
EndProject
Global
	GlobalSection(SolutionConfigurationPlatforms) = preSolution
		Debug|Any CPU = Debug|Any CPU
		Release|Any CPU = Release|Any CPU
	EndGlobalSection
	GlobalSection(ProjectConfigurationPlatforms) = postSolution
		{91A8EA4A-0759-4DC0-9663-ECE0697F6A05}.Debug|Any CPU.ActiveCfg = Debug|Any CPU
		{91A8EA4A-0759-4DC0-9663-ECE0697F6A05}.Debug|Any CPU.Build.0 = Debug|Any CPU
		{91A8EA4A-0759-4DC0-9663-ECE0697F6A05}.Release|Any CPU.ActiveCfg = Release|Any CPU
		{91A8EA4A-0759-4DC0-9663-ECE0697F6A05}.Release|Any CPU.Build.0 = Release|Any CPU
		{EAFE53E4-FF9B-4B97-87B2-C2B996A03F18}.Debug|Any CPU.ActiveCfg = Debug|Any CPU
		{EAFE53E4-FF9B-4B97-87B2-C2B996A03F18}.Debug|Any CPU.Build.0 = Debug|Any CPU
		{EAFE53E4-FF9B-4B97-87B2-C2B996A03F18}.Release|Any CPU.ActiveCfg = Release|Any CPU
		{EAFE53E4-FF9B-4B97-87B2-C2B996A03F18}.Release|Any CPU.Build.0 = Release|Any CPU
		{683E6256-D627-41C6-93A7-24A7C04B8E49}.Debug|Any CPU.ActiveCfg = Debug|Any CPU
		{683E6256-D627-41C6-93A7-24A7C04B8E49}.Debug|Any CPU.Build.0 = Debug|Any CPU
		{683E6256-D627-41C6-93A7-24A7C04B8E49}.Release|Any CPU.ActiveCfg = Release|Any CPU
		{683E6256-D627-41C6-93A7-24A7C04B8E49}.Release|Any CPU.Build.0 = Release|Any CPU
	EndGlobalSection
	GlobalSection(SolutionProperties) = preSolution
		HideSolutionNode = FALSE
	EndGlobalSection
EndGlobal
